
Microsoft Visual Studio Solution File, Format Version 12.00
Project("{FAE04EC0-301F-11D3-BF4B-00C04F79EFBC}") = "GoLive.JsonPolymorphicGenerator", "GoLive.JsonPolymorphicGenerator\GoLive.JsonPolymorphicGenerator.csproj", "{4F60BCDE-6766-41DD-9970-9EB1C79AB504}"
EndProject
Project("{FAE04EC0-301F-11D3-BF4B-00C04F79EFBC}") = "GoLive.JsonPolymorphicGenerator.Playground", "GoLive.JsonPolymorphicGenerator.Playground\GoLive.JsonPolymorphicGenerator.Playground.csproj", "{B4FA16D2-667D-4D85-A781-47FC123658FA}"
EndProject
Global
	GlobalSection(SolutionConfigurationPlatforms) = preSolution
		Debug|Any CPU = Debug|Any CPU
		Release|Any CPU = Release|Any CPU
	EndGlobalSection
	GlobalSection(ProjectConfigurationPlatforms) = postSolution
		{4F60BCDE-6766-41DD-9970-9EB1C79AB504}.Debug|Any CPU.ActiveCfg = Debug|Any CPU
		{4F60BCDE-6766-41DD-9970-9EB1C79AB504}.Debug|Any CPU.Build.0 = Debug|Any CPU
		{4F60BCDE-6766-41DD-9970-9EB1C79AB504}.Release|Any CPU.ActiveCfg = Release|Any CPU
		{4F60BCDE-6766-41DD-9970-9EB1C79AB504}.Release|Any CPU.Build.0 = Release|Any CPU
		{B4FA16D2-667D-4D85-A781-47FC123658FA}.Debug|Any CPU.ActiveCfg = Debug|Any CPU
		{B4FA16D2-667D-4D85-A781-47FC123658FA}.Debug|Any CPU.Build.0 = Debug|Any CPU
		{B4FA16D2-667D-4D85-A781-47FC123658FA}.Release|Any CPU.ActiveCfg = Release|Any CPU
		{B4FA16D2-667D-4D85-A781-47FC123658FA}.Release|Any CPU.Build.0 = Release|Any CPU
	EndGlobalSection
EndGlobal
